# Generated by pub
# See https://dart.dev/tools/pub/glossary#lockfile
packages:
  acanthis:
    dependency: transitive
    description:
      name: acanthis
      sha256: ead4c2e6b0cc76fd73f6440a45efaa3ca4fd14a835237bff70c84b498c3171a4
      url: "https://pub.dev"
    source: hosted
    version: "1.6.0"
  archive:
    dependency: transitive
    description:
      name: archive
      sha256: ace891da0862b0e4cabbb064ee3fd87b2728b898949fdb366d83fe98342c9f19
      url: "https://pub.dev"
    source: hosted
    version: "4.2.0"
  args:
    dependency: transitive
    description:
      name: args
      sha256: d0481093c50b1da8910eb0bb301626d4d8eb7284aa739614d2b394ee09e3ea04
      url: "https://pub.dev"
    source: hosted
    version: "2.7.0"
  artisanal:
    dependency: transitive
    description:
      name: artisanal
      sha256: "9e79856b60b3f5d8334058c44243def8759731434f86ee7e2de6362f9aff9650"
      url: "https://pub.dev"
    source: hosted
    version: "0.4.0"
  artisanal_widgets:
    dependency: transitive
    description:
      name: artisanal_widgets
      sha256: "5af51aac97900a7f6bdb500a6629203b5bbbde987dbd4ab73aff51ca6e73b90e"
      url: "https://pub.dev"
    source: hosted
    version: "0.2.2"
  async:
    dependency: transitive
    description:
      name: async
      sha256: e2eb0491ba5ddb6177742d2da23904574082139b07c1e33b8503b9f46f3e1a37
      url: "https://pub.dev"
    source: hosted
    version: "2.13.1"
  boolean_selector:
    dependency: transitive
    description:
      name: boolean_selector
      sha256: "8aab1771e1243a5063b8b0ff68042d67334e3feab9e95b9490f9a6ebf73b42ea"
      url: "https://pub.dev"
    source: hosted
    version: "2.1.2"
  chalkdart:
    dependency: transitive
    description:
      name: chalkdart
      sha256: "7dcf37e0b3d8dcec8c4ae0420d85aad9b3167d6a759601fd5b0f2b1958746581"
      url: "https://pub.dev"
    source: hosted
    version: "3.1.0"
  characters:
    dependency: transitive
    description:
      name: characters
      sha256: faf38497bda5ead2a8c7615f4f7939df04333478bf32e4173fcb06d428b5716b
      url: "https://pub.dev"
    source: hosted
    version: "1.4.1"
  clock:
    dependency: transitive
    description:
      name: clock
      sha256: fddb70d9b5277016c77a80201021d40a2247104d9f4aa7bab7157b7e3f05b84b
      url: "https://pub.dev"
    source: hosted
    version: "1.1.2"
  code_assets:
    dependency: transitive
    description:
      name: code_assets
      sha256: bf394f466ba9205f1812a0433b392d6af280f155f56651eda7c18cc32ed493b8
      url: "https://pub.dev"
    source: hosted
    version: "1.2.1"
  collection:
    dependency: transitive
    description:
      name: collection
      sha256: "2f5709ae4d3d59dd8f7cd309b4e023046b57d8a6c82130785d2b0e5868084e76"
      url: "https://pub.dev"
    source: hosted
    version: "1.19.1"
  completion:
    dependency: transitive
    description:
      name: completion
      sha256: "82fa09800c0b71a2e8396bf3ca6b36b43cd35fe7ba2aeab53b6349ac671d0f5b"
      url: "https://pub.dev"
    source: hosted
    version: "1.0.2"
  crypto:
    dependency: transitive
    description:
      name: crypto
      sha256: c8ea0233063ba03258fbcf2ca4d6dadfefe14f02fab57702265467a19f27fadf
      url: "https://pub.dev"
    source: hosted
    version: "3.0.7"
  csslib:
    dependency: transitive
    description:
      name: csslib
      sha256: "09bad715f418841f976c77db72d5398dc1253c21fb9c0c7f0b0b985860b2d58e"
      url: "https://pub.dev"
    source: hosted
    version: "1.0.2"
  d4_array:
    dependency: transitive
    description:
      name: d4_array
      sha256: dac8e1edc9e26dab0433c0e005d8dc42e5bcc43d22e9add528a95eaf770176e9
      url: "https://pub.dev"
    source: hosted
    version: "1.0.0"
  d4_time:
    dependency: transitive
    description:
      name: d4_time
      sha256: "30fb4deda3c5418cf4258a6881d22ed447a5baaef4f8bd6f5238d0c7d0e33a03"
      url: "https://pub.dev"
    source: hosted
    version: "1.0.0"
  d4_time_format:
    dependency: transitive
    description:
      name: d4_time_format
      sha256: "680ab4e327d68d177f052f18bb0787317ab5dffd761a15ae270481537377631a"
      url: "https://pub.dev"
    source: hosted
    version: "1.0.0"
  decimal:
    dependency: transitive
    description:
      name: decimal
      sha256: "2c3c8b74f2948066d3f42585477aec9cfc48fefd7a723a4d4274a6c71a5c0df7"
      url: "https://pub.dev"
    source: hosted
    version: "3.2.6"
  email_validator:
    dependency: transitive
    description:
      name: email_validator
      sha256: b19aa5d92fdd76fbc65112060c94d45ba855105a28bb6e462de7ff03b12fa1fb
      url: "https://pub.dev"
    source: hosted
    version: "3.0.0"
  fake_async:
    dependency: transitive
    description:
      name: fake_async
      sha256: "5368f224a74523e8d2e7399ea1638b37aecfca824a3cc4dfdf77bf1fa905ac44"
      url: "https://pub.dev"
    source: hosted
    version: "1.3.3"
  ffi:
    dependency: transitive
    description:
      name: ffi
      sha256: "6d7fd89431262d8f3125e81b50d3847a091d846eafcd4fdb88dd06f36d705a45"
      url: "https://pub.dev"
    source: hosted
    version: "2.2.0"
  file:
    dependency: transitive
    description:
      name: file
      sha256: a3b4f84adafef897088c160faf7dfffb7696046cb13ae90b508c2cbc95d3b8d4
      url: "https://pub.dev"
    source: hosted
    version: "7.0.1"
  flutter:
    dependency: "direct main"
    description: flutter
    source: sdk
    version: "0.0.0"
  flutter_driver:
    dependency: transitive
    description: flutter
    source: sdk
    version: "0.0.0"
  flutter_lints:
    dependency: "direct dev"
    description:
      name: flutter_lints
      sha256: "3105dc8492f6183fb076ccf1f351ac3d60564bff92e20bfc4af9cc1651f4e7e1"
      url: "https://pub.dev"
    source: hosted
    version: "6.0.0"
  flutter_test:
    dependency: "direct dev"
    description: flutter
    source: sdk
    version: "0.0.0"
  forge2d:
    dependency: transitive
    description:
      name: forge2d
      sha256: "0f63d177f2e137a5007b879fda4076d0b81de065fcd72056c6fc896c82758bb7"
      url: "https://pub.dev"
    source: hosted
    version: "0.14.2+1"
  fuchsia_remote_debug_protocol:
    dependency: transitive
    description: flutter
    source: sdk
    version: "0.0.0"
  gato:
    dependency: transitive
    description:
      name: gato
      sha256: "03fa3a33d50f71a912e30827ddf47c89e06e9acfd2b6b178aff0e1aa2f1e8b90"
      url: "https://pub.dev"
    source: hosted
    version: "0.0.5+1"
  highlight:
    dependency: transitive
    description:
      name: highlight
      sha256: "5353a83ffe3e3eca7df0abfb72dcf3fa66cc56b953728e7113ad4ad88497cf21"
      url: "https://pub.dev"
    source: hosted
    version: "0.7.0"
  hooks:
    dependency: transitive
    description:
      name: hooks
      sha256: eaac480a35ec0814146c2c48d96aaa829e0e44a7662c88ae84c9edf4bc35651f
      url: "https://pub.dev"
    source: hosted
    version: "2.2.0"
  hotreloader:
    dependency: transitive
    description:
      name: hotreloader
      sha256: "66871df468fc24eee81f1a0a7cb98acc104716f9b7376d355437b48d633c4ebf"
      url: "https://pub.dev"
    source: hosted
    version: "4.4.0"
  html:
    dependency: transitive
    description:
      name: html
      sha256: "6d1264f2dffa1b1101c25a91dff0dc2daee4c18e87cd8538729773c073dbf602"
      url: "https://pub.dev"
    source: hosted
    version: "0.15.6"
  html_unescape:
    dependency: transitive
    description:
      name: html_unescape
      sha256: "15362d7a18f19d7b742ef8dcb811f5fd2a2df98db9f80ea393c075189e0b61e3"
      url: "https://pub.dev"
    source: hosted
    version: "2.0.0"
  http:
    dependency: transitive
    description:
      name: http
      sha256: "87721a4a50b19c7f1d49001e51409bddc46303966ce89a65af4f4e6004896412"
      url: "https://pub.dev"
    source: hosted
    version: "1.6.0"
  http_parser:
    dependency: transitive
    description:
      name: http_parser
      sha256: "178d74305e7866013777bab2c3d8726205dc5a4dd935297175b19a23a2e66571"
      url: "https://pub.dev"
    source: hosted
    version: "4.1.2"
  image:
    dependency: transitive
    description:
      name: image
      sha256: "1976370a4df3091bb0f72409c187ad1f9132a818bc6b95ca59c0bae1c75c688e"
      url: "https://pub.dev"
    source: hosted
    version: "4.9.2"
  integration_test:
    dependency: "direct dev"
    description: flutter
    source: sdk
    version: "0.0.0"
  intl:
    dependency: transitive
    description:
      name: intl
      sha256: "1ca20c894b1717686a2319b8548763d812bc0aabdac580420a44c5178c57a867"
      url: "https://pub.dev"
    source: hosted
    version: "0.20.3"
  irondash_engine_context:
    dependency: transitive
    description:
      name: irondash_engine_context
      sha256: "2bb0bc13dfda9f5aaef8dde06ecc5feb1379f5bb387d59716d799554f3f305d7"
      url: "https://pub.dev"
    source: hosted
    version: "0.5.5"
  json_annotation:
    dependency: transitive
    description:
      name: json_annotation
      sha256: "2a743920d81b7910627f68ee2c9ac1fc0bfee32b9fc3403587d7c6791ca12f80"
      url: "https://pub.dev"
    source: hosted
    version: "4.12.0"
  json_schema_builder:
    dependency: transitive
    description:
      name: json_schema_builder
      sha256: e46b1a2957590d2c811f47b22079710a273ebf9c8240a9e1440b759efb8ded5f
      url: "https://pub.dev"
    source: hosted
    version: "0.1.6"
  leak_tracker:
    dependency: transitive
    description:
      name: leak_tracker
      sha256: "33e2e26bdd85a0112ec15400c8cbffea70d0f9c3407491f672a2fad47915e2de"
      url: "https://pub.dev"
    source: hosted
    version: "11.0.2"
  leak_tracker_flutter_testing:
    dependency: transitive
    description:
      name: leak_tracker_flutter_testing
      sha256: "1dbc140bb5a23c75ea9c4811222756104fbcd1a27173f0c34ca01e16bea473c1"
      url: "https://pub.dev"
    source: hosted
    version: "3.0.10"
  leak_tracker_testing:
    dependency: transitive
    description:
      name: leak_tracker_testing
      sha256: "8d5a2d49f4a66b49744b23b018848400d23e54caf9463f4eb20df3eb8acb2eb1"
      url: "https://pub.dev"
    source: hosted
    version: "3.0.2"
  lints:
    dependency: transitive
    description:
      name: lints
      sha256: "12f842a479589fea194fe5c5a3095abc7be0c1f2ddfa9a0e76aed1dbd26a87df"
      url: "https://pub.dev"
    source: hosted
    version: "6.1.0"
  liquify:
    dependency: transitive
    description:
      name: liquify
      sha256: "89228cfb5a269158d67253451b113ce4d110ce4e094955e95684bd89a99af0a7"
      url: "https://pub.dev"
    source: hosted
    version: "1.6.1"
  logging:
    dependency: transitive
    description:
      name: logging
      sha256: c8245ada5f1717ed44271ed1c26b8ce85ca3228fd2ffdb75468ab01979309d61
      url: "https://pub.dev"
    source: hosted
    version: "1.3.0"
  marionette_flutter:
    dependency: "direct main"
    description:
      name: marionette_flutter
      sha256: "9bf6aa531157edeb3d94f7c4972367240a1d704bbe9f4ac558ef1a125c4d1a6d"
      url: "https://pub.dev"
    source: hosted
    version: "0.6.0"
  markdown:
    dependency: transitive
    description:
      name: markdown
      sha256: ee85086ad7698b42522c6ad42fe195f1b9898e4d974a1af4576c1a3a176cada9
      url: "https://pub.dev"
    source: hosted
    version: "7.3.1"
  matcher:
    dependency: transitive
    description:
      name: matcher
      sha256: "31bd099b47c10cd1aeb55146a2d46ce0277630ecef3f7dae54ad7873f36696cd"
      url: "https://pub.dev"
    source: hosted
    version: "0.12.20"
  material_color_utilities:
    dependency: transitive
    description:
      name: material_color_utilities
      sha256: "9c337007e82b1889149c82ed242ed1cb24a66044e30979c44912381e9be4c48b"
      url: "https://pub.dev"
    source: hosted
    version: "0.13.0"
  meta:
    dependency: transitive
    description:
      name: meta
      sha256: "307249ce4ff29d58a18e97f6345f539382eb9c9c29ecda628900f31de0443dd9"
      url: "https://pub.dev"
    source: hosted
    version: "1.19.0"
  nanoid2:
    dependency: transitive
    description:
      name: nanoid2
      sha256: "35b5048f836652a1d711db0d716bdee59fcaaa4c37792db8b3568da4f7feb2f9"
      url: "https://pub.dev"
    source: hosted
    version: "2.0.1"
  native_prebuilt:
    dependency: transitive
    description:
      name: native_prebuilt
      sha256: "3464f88ba5062c84399aa1721cb838150e45d94c39ab2402fa9fd74b6588ad79"
      url: "https://pub.dev"
    source: hosted
    version: "0.4.0"
  native_toolchain_rust:
    dependency: transitive
    description:
      name: native_toolchain_rust
      sha256: "8469a0e32a47a5c84b7fd300de9fd0e8082aac76c37922986324f5082a58350d"
      url: "https://pub.dev"
    source: hosted
    version: "1.0.6"
  openapi_types:
    dependency: transitive
    description:
      name: openapi_types
      sha256: b47dcbd0fa71bb814e3988dc3d022355e8babe2bbd4bad976750d94f4069aa4e
      url: "https://pub.dev"
    source: hosted
    version: "2.1.0"
  path:
    dependency: transitive
    description:
      name: path
      sha256: "75cca69d1490965be98c73ceaea117e8a04dd21217b37b292c9ddbec0d955bc5"
      url: "https://pub.dev"
    source: hosted
    version: "1.9.1"
  petitparser:
    dependency: transitive
    description:
      name: petitparser
      sha256: "91bd59303e9f769f108f8df05e371341b15d59e995e6806aefab827b58336675"
      url: "https://pub.dev"
    source: hosted
    version: "7.0.2"
  platform:
    dependency: transitive
    description:
      name: platform
      sha256: "5d6b1b0036a5f331ebc77c850ebc8506cbc1e9416c27e59b439f917a902a4984"
      url: "https://pub.dev"
    source: hosted
    version: "3.1.6"
  plugin_platform_interface:
    dependency: transitive
    description:
      name: plugin_platform_interface
      sha256: "4820fbfdb9478b1ebae27888254d445073732dae3d6ea81f0b7e06d5dedc3f02"
      url: "https://pub.dev"
    source: hosted
    version: "2.1.8"
  posix:
    dependency: transitive
    description:
      name: posix
      sha256: bc1bad54ad2b735816e31f8d4600cfde6c7839975085ddfbca48b6c9f7c4044e
      url: "https://pub.dev"
    source: hosted
    version: "6.5.2"
  process:
    dependency: transitive
    description:
      name: process
      sha256: c6248e4526673988586e8c00bb22a49210c258dc91df5227d5da9748ecf79744
      url: "https://pub.dev"
    source: hosted
    version: "5.0.5"
  pub_semver:
    dependency: transitive
    description:
      name: pub_semver
      sha256: "5bfcf68ca79ef689f8990d1160781b4bad40a3bd5e5218ad4076ddb7f4081585"
      url: "https://pub.dev"
    source: hosted
    version: "2.2.0"
  rational:
    dependency: transitive
    description:
      name: rational
      sha256: cb808fb6f1a839e6fc5f7d8cb3b0a10e1db48b3be102de73938c627f0b636336
      url: "https://pub.dev"
    source: hosted
    version: "2.2.3"
  record_use:
    dependency: transitive
    description:
      name: record_use
      sha256: "1cb8564af8d43b464294411db9217f5ec04891c6f22ee2c32d73ae05e88a6bd2"
      url: "https://pub.dev"
    source: hosted
    version: "1.1.1"
  sky_engine:
    dependency: transitive
    description: flutter
    source: sdk
    version: "0.0.0"
  source_span:
    dependency: transitive
    description:
      name: source_span
      sha256: "56a02f1f4cd1a2d96303c0144c93bd6d909eea6bee6bf5a0e0b685edbd4c47ab"
      url: "https://pub.dev"
    source: hosted
    version: "1.10.2"
  stack_trace:
    dependency: transitive
    description:
      name: stack_trace
      sha256: "8b27215b45d22309b5cddda1aa2b19bdfec9df0e765f2de506401c071d38d1b1"
      url: "https://pub.dev"
    source: hosted
    version: "1.12.1"
  stream_channel:
    dependency: transitive
    description:
      name: stream_channel
      sha256: "969e04c80b8bcdf826f8f16579c7b14d780458bd97f56d107d3950fdbeef059d"
      url: "https://pub.dev"
    source: hosted
    version: "2.1.4"
  stream_transform:
    dependency: transitive
    description:
      name: stream_transform
      sha256: ad47125e588cfd37a9a7f86c7d6356dde8dfe89d071d293f80ca9e9273a33871
      url: "https://pub.dev"
    source: hosted
    version: "2.1.1"
  string_scanner:
    dependency: transitive
    description:
      name: string_scanner
      sha256: "921cd31725b72fe181906c6a94d987c78e3b98c2e205b397ea399d4054872b43"
      url: "https://pub.dev"
    source: hosted
    version: "1.4.1"
  sync_http:
    dependency: transitive
    description:
      name: sync_http
      sha256: "7f0cd72eca000d2e026bcd6f990b81d0ca06022ef4e32fb257b30d3d1014a961"
      url: "https://pub.dev"
    source: hosted
    version: "0.3.1"
  term_glyph:
    dependency: transitive
    description:
      name: term_glyph
      sha256: "7f554798625ea768a7518313e58f83891c7f5024f88e46e7182a4558850a4b8e"
      url: "https://pub.dev"
    source: hosted
    version: "1.2.2"
  test_api:
    dependency: transitive
    description:
      name: test_api
      sha256: "2a122cbe059f8b610d3a5415f42e255b6c17b1f21eee1d960f31080237fb4f11"
      url: "https://pub.dev"
    source: hosted
    version: "0.7.12"
  timezone:
    dependency: transitive
    description:
      name: timezone
      sha256: "981d1020d6ef8fe1e7b3de5054e5b25579ae7c403d7734adc508ffc47668e9cb"
      url: "https://pub.dev"
    source: hosted
    version: "0.11.1"
  toml:
    dependency: transitive
    description:
      name: toml
      sha256: "35a35f782228656a2af31e8c73d1353cc4ef3d683fd68af1111b44631879c05e"
      url: "https://pub.dev"
    source: hosted
    version: "0.18.0"
  typed_data:
    dependency: transitive
    description:
      name: typed_data
      sha256: f9049c039ebfeb4cf7a7104a675823cd72dba8297f264b6637062516699fa006
      url: "https://pub.dev"
    source: hosted
    version: "1.4.0"
  ultraviolet:
    dependency: transitive
    description:
      name: ultraviolet
      sha256: "5b81c9118dad4b64caf816a461c2563794abafdd692dc8a4849a69d90b718b1c"
      url: "https://pub.dev"
    source: hosted
    version: "0.3.0"
  vector_math:
    dependency: transitive
    description:
      name: vector_math
      sha256: f36f9f3be64c6198714492bb455c11056e33e2f85d9a0b676a48301e44fdcf47
      url: "https://pub.dev"
    source: hosted
    version: "2.4.2"
  vm_service:
    dependency: transitive
    description:
      name: vm_service
      sha256: "5f37239c4851efcef929cea7824e76df7f2f0970aef85d66bbc430afa40e72f0"
      url: "https://pub.dev"
    source: hosted
    version: "15.3.0"
  watcher:
    dependency: transitive
    description:
      name: watcher
      sha256: "1398c9f081a753f9226febe8900fce8f7d0a67163334e1c94a2438339d79d635"
      url: "https://pub.dev"
    source: hosted
    version: "1.2.1"
  web:
    dependency: transitive
    description:
      name: web
      sha256: "868d88a33d8a87b18ffc05f9f030ba328ffefba92d6c127917a2ba740f9cfe4a"
      url: "https://pub.dev"
    source: hosted
    version: "1.1.1"
  webdriver:
    dependency: transitive
    description:
      name: webdriver
      sha256: "2f3a14ca026957870cfd9c635b83507e0e51d8091568e90129fbf805aba7cade"
      url: "https://pub.dev"
    source: hosted
    version: "3.1.0"
  webview_flutter:
    dependency: "direct main"
    description:
      name: webview_flutter
      sha256: d53e1ccf5516f25017e3c9d44c39034db352d20fa34fe200674270242c2c5111
      url: "https://pub.dev"
    source: hosted
    version: "4.14.1"
  webview_flutter_android:
    dependency: transitive
    description:
      name: webview_flutter_android
      sha256: b98656fa4461f8cc05c48a778b4d4883e60ec63e1778348f363f9bb9a477745d
      url: "https://pub.dev"
    source: hosted
    version: "4.14.0"
  webview_flutter_linux:
    dependency: "direct main"
    description:
      path: ".."
      relative: true
    source: path
    version: "0.1.0-dev.2"
  webview_flutter_platform_interface:
    dependency: transitive
    description:
      name: webview_flutter_platform_interface
      sha256: "1221c1b12f5278791042f2ec2841743784cf25c5a644e23d6680e5d718824f04"
      url: "https://pub.dev"
    source: hosted
    version: "2.15.1"
  webview_flutter_wkwebview:
    dependency: transitive
    description:
      name: webview_flutter_wkwebview
      sha256: c879dd64b87c452aa84381b244d5469da57ba7e8cca6884c7b1e0d406372c12d
      url: "https://pub.dev"
    source: hosted
    version: "3.26.0"
  yaml:
    dependency: transitive
    description:
      name: yaml
      sha256: b9da305ac7c39faa3f030eccd175340f968459dae4af175130b3fc47e40d76ce
      url: "https://pub.dev"
    source: hosted
    version: "3.1.3"
  yaml_writer:
    dependency: transitive
    description:
      name: yaml_writer
      sha256: "69651cd7238411179ac32079937d4aa9a2970150d6b2ae2c6fe6de09402a5dc5"
      url: "https://pub.dev"
    source: hosted
    version: "2.1.0"
sdks:
  dart: ">=3.12.0 <4.0.0"
  flutter: ">=3.44.0"
